// !$*UTF8*$!
{
	archiveVersion = 1;
	classes = {
	};
	objectVersion = 48;
	objects = {

/* Begin PBXBuildFile section */
		23DFB60B36F5D7DE26AC7166 /* Pods_languagetutor.framework in Frameworks */ = {isa = PBXBuildFile; fileRef = 38A4AEE04D5D01BE656915EF /* Pods_languagetutor.framework */; };
		84A9FE721F7C3CB200BADE0A /* AppDelegate.swift in Sources */ = {isa = PBXBuildFile; fileRef = 84A9FE711F7C3CB200BADE0A /* AppDelegate.swift */; };
		84A9FE741F7C3CB200BADE0A /* MainViewController.swift in Sources */ = {isa = PBXBuildFile; fileRef = 84A9FE731F7C3CB200BADE0A /* MainViewController.swift */; };
		84A9FE791F7C3CB200BADE0A /* Assets.xcassets in Resources */ = {isa = PBXBuildFile; fileRef = 84A9FE781F7C3CB200BADE0A /* Assets.xcassets */; };
		84A9FE7C1F7C3CB200BADE0A /* LaunchScreen.storyboard in Resources */ = {isa = PBXBuildFile; fileRef = 84A9FE7A1F7C3CB200BADE0A /* LaunchScreen.storyboard */; };
/* End PBXBuildFile section */

/* Begin PBXFileReference section */
		38A4AEE04D5D01BE656915EF /* Pods_languagetutor.framework */ = {isa = PBXFileReference; explicitFileType = wrapper.framework; includeInIndex = 0; path = Pods_languagetutor.framework; sourceTree = BUILT_PRODUCTS_DIR; };
		3E8BC1862959D79552FCB089 /* Pods-languagetutor.release.xcconfig */ = {isa = PBXFileReference; includeInIndex = 1; lastKnownFileType = text.xcconfig; name = "Pods-languagetutor.release.xcconfig"; path = "Pods/Target Support Files/Pods-languagetutor/Pods-languagetutor.release.xcconfig"; sourceTree = "<group>"; };
		84A9FE6E1F7C3CB200BADE0A /* languagetutor.app */ = {isa = PBXFileReference; explicitFileType = wrapper.application; includeInIndex = 0; path = languagetutor.app; sourceTree = BUILT_PRODUCTS_DIR; };
		84A9FE711F7C3CB200BADE0A /* AppDelegate.swift */ = {isa = PBXFileReference; lastKnownFileType = sourcecode.swift; path = AppDelegate.swift; sourceTree = "<group>"; };
		84A9FE731F7C3CB200BADE0A /* MainViewController.swift */ = {isa = PBXFileReference; lastKnownFileType = sourcecode.swift; path = MainViewController.swift; sourceTree = "<group>"; };
		84A9FE781F7C3CB200BADE0A /* Assets.xcassets */ = {isa = PBXFileReference; lastKnownFileType = folder.assetcatalog; path = Assets.xcassets; sourceTree = "<group>"; };
		84A9FE7B1F7C3CB200BADE0A /* Base */ = {isa = PBXFileReference; lastKnownFileType = file.storyboard; name = Base; path = Base.lproj/LaunchScreen.storyboard; sourceTree = "<group>"; };
		84A9FE7D1F7C3CB200BADE0A /* Info.plist */ = {isa = PBXFileReference; lastKnownFileType = text.plist.xml; path = Info.plist; sourceTree = "<group>"; };
		EAFFAA2CD888A081F2FA04F5 /* Pods-languagetutor.debug.xcconfig */ = {isa = PBXFileReference; includeInIndex = 1; lastKnownFileType = text.xcconfig; name = "Pods-languagetutor.debug.xcconfig"; path = "Pods/Target Support Files/Pods-languagetutor/Pods-languagetutor.debug.xcconfig"; sourceTree = "<group>"; };
/* End PBXFileReference section */

/* Begin PBXFrameworksBuildPhase section */
		84A9FE6B1F7C3CB200BADE0A /* Frameworks */ = {
			isa = PBXFrameworksBuildPhase;
			buildActionMask = 2147483647;
			files = (
				23DFB60B36F5D7DE26AC7166 /* Pods_languagetutor.framework in Frameworks */,
			);
			runOnlyForDeploymentPostprocessing = 0;
		};
/* End PBXFrameworksBuildPhase section */

/* Begin PBXGroup section */
		5489767DA7FB54A0E3AED4AC /* Frameworks */ = {
			isa = PBXGroup;
			children = (
				38A4AEE04D5D01BE656915EF /* Pods_languagetutor.framework */,
			);
			name = Frameworks;
			sourceTree = "<group>";
		};
		6698E1CF67DEA190E6BBD69A /* Pods */ = {
			isa = PBXGroup;
			children = (
				EAFFAA2CD888A081F2FA04F5 /* Pods-languagetutor.debug.xcconfig */,
				3E8BC1862959D79552FCB089 /* Pods-languagetutor.release.xcconfig */,
			);
			name = Pods;
			sourceTree = "<group>";
		};
		84A9FE651F7C3CB200BADE0A = {
			isa = PBXGroup;
			children = (
				84A9FE701F7C3CB200BADE0A /* languagetutor */,
				84A9FE6F1F7C3CB200BADE0A /* Products */,
				6698E1CF67DEA190E6BBD69A /* Pods */,
				5489767DA7FB54A0E3AED4AC /* Frameworks */,
			);
			sourceTree = "<group>";
		};
		84A9FE6F1F7C3CB200BADE0A /* Products */ = {
			isa = PBXGroup;
			children = (
				84A9FE6E1F7C3CB200BADE0A /* languagetutor.app */,
			);
			name = Products;
			sourceTree = "<group>";
		};
		84A9FE701F7C3CB200BADE0A /* languagetutor */ = {
			isa = PBXGroup;
			children = (
				84A9FE711F7C3CB200BADE0A /* AppDelegate.swift */,
				84A9FE731F7C3CB200BADE0A /* MainViewController.swift */,
				84A9FE781F7C3CB200BADE0A /* Assets.xcassets */,
				84A9FE7A1F7C3CB200BADE0A /* LaunchScreen.storyboard */,
				84A9FE7D1F7C3CB200BADE0A /* Info.plist */,
			);
			path = languagetutor;
			sourceTree = "<group>";
		};
/* End PBXGroup section */

/* Begin PBXNativeTarget section */
		84A9FE6D1F7C3CB200BADE0A /* languagetutor */ = {
			isa = PBXNativeTarget;
			buildConfigurationList = 84A9FE801F7C3CB200BADE0A /* Build configuration list for PBXNativeTarget "languagetutor" */;
			buildPhases = (
				8B842909B009D6829910CBFB /* [CP] Check Pods Manifest.lock */,
				84A9FE6A1F7C3CB200BADE0A /* Sources */,
				84A9FE6B1F7C3CB200BADE0A /* Frameworks */,
				84A9FE6C1F7C3CB200BADE0A /* Resources */,
				D45EA88625474550096D982B /* [CP] Embed Pods Frameworks */,
				5DF7853751D4BF53B58B1FA7 /* [CP] Copy Pods Resources */,
			);
			buildRules = (
			);
			dependencies = (
			);
			name = languagetutor;
			productName = languagetutor;
			productReference = 84A9FE6E1F7C3CB200BADE0A /* languagetutor.app */;
			productType = "com.apple.product-type.application";
		};
/* End PBXNativeTarget section */

/* Begin PBXProject section */
		84A9FE661F7C3CB200BADE0A /* Project object */ = {
			isa = PBXProject;
			attributes = {
				LastSwiftUpdateCheck = 0900;
				LastUpgradeCheck = 0900;
				ORGANIZATIONNAME = "Josh Newnham";
				TargetAttributes = {
					84A9FE6D1F7C3CB200BADE0A = {
						CreatedOnToolsVersion = 9.0;
						ProvisioningStyle = Automatic;
					};
				};
			};
			buildConfigurationList = 84A9FE691F7C3CB200BADE0A /* Build configuration list for PBXProject "languagetutor" */;
			compatibilityVersion = "Xcode 8.0";
			developmentRegion = en;
			hasScannedForEncodings = 0;
			knownRegions = (
				en,
				Base,
			);
			mainGroup = 84A9FE651F7C3CB200BADE0A;
			productRefGroup = 84A9FE6F1F7C3CB200BADE0A /* Products */;
			projectDirPath = "";
			projectRoot = "";
			targets = (
				84A9FE6D1F7C3CB200BADE0A /* languagetutor */,
			);
		};
/* End PBXProject section */

/* Begin PBXResourcesBuildPhase section */
		84A9FE6C1F7C3CB200BADE0A /* Resources */ = {
			isa = PBXResourcesBuildPhase;
			buildActionMask = 2147483647;
			files = (
				84A9FE7C1F7C3CB200BADE0A /* LaunchScreen.storyboard in Resources */,
				84A9FE791F7C3CB200BADE0A /* Assets.xcassets in Resources */,
			);
			runOnlyForDeploymentPostprocessing = 0;
		};
/* End PBXResourcesBuildPhase section */

/* Begin PBXShellScriptBuildPhase section */
		5DF7853751D4BF53B58B1FA7 /* [CP] Copy Pods Resources */ = {
			isa = PBXShellScriptBuildPhase;
			buildActionMask = 2147483647;
			files = (
			);
			inputPaths = (
			);
			name = "[CP] Copy Pods Resources";
			outputPaths = (
			);
			runOnlyForDeploymentPostprocessing = 0;
			shellPath = /bin/sh;
			shellScript = "\"${SRCROOT}/Pods/Target Support Files/Pods-languagetutor/Pods-languagetutor-resources.sh\"\n";
			showEnvVarsInLog = 0;
		};
		8B842909B009D6829910CBFB /* [CP] Check Pods Manifest.lock */ = {
			isa = PBXShellScriptBuildPhase;
			buildActionMask = 2147483647;
			files = (
			);
			inputPaths = (
				"${PODS_PODFILE_DIR_PATH}/Podfile.lock",
				"${PODS_ROOT}/Manifest.lock",
			);
			name = "[CP] Check Pods Manifest.lock";
			outputPaths = (
				"$(DERIVED_FILE_DIR)/Pods-languagetutor-checkManifestLockResult.txt",
			);
			runOnlyForDeploymentPostprocessing = 0;
			shellPath = /bin/sh;
			shellScript = "diff \"${PODS_PODFILE_DIR_PATH}/Podfile.lock\" \"${PODS_ROOT}/Manifest.lock\" > /dev/null\nif [ $? != 0 ] ; then\n    # print error to STDERR\n    echo \"error: The sandbox is not in sync with the Podfile.lock. Run 'pod install' or update your CocoaPods installation.\" >&2\n    exit 1\nfi\n# This output is used by Xcode 'outputs' to avoid re-running this script phase.\necho \"SUCCESS\" > \"${SCRIPT_OUTPUT_FILE_0}\"\n";
			showEnvVarsInLog = 0;
		};
		D45EA88625474550096D982B /* [CP] Embed Pods Frameworks */ = {
			isa = PBXShellScriptBuildPhase;
			buildActionMask = 2147483647;
			files = (
			);
			inputPaths = (
				"${SRCROOT}/Pods/Target Support Files/Pods-languagetutor/Pods-languagetutor-frameworks.sh",
				"${BUILT_PRODUCTS_DIR}/SnapKit/SnapKit.framework",
			);
			name = "[CP] Embed Pods Frameworks";
			outputPaths = (
				"${TARGET_BUILD_DIR}/${FRAMEWORKS_FOLDER_PATH}/SnapKit.framework",
			);
			runOnlyForDeploymentPostprocessing = 0;
			shellPath = /bin/sh;
			shellScript = "\"${SRCROOT}/Pods/Target Support Files/Pods-languagetutor/Pods-languagetutor-frameworks.sh\"\n";
			showEnvVarsInLog = 0;
		};
/* End PBXShellScriptBuildPhase section */

/* Begin PBXSourcesBuildPhase section */
		84A9FE6A1F7C3CB200BADE0A /* Sources */ = {
			isa = PBXSourcesBuildPhase;
			buildActionMask = 2147483647;
			files = (
				84A9FE741F7C3CB200BADE0A /* MainViewController.swift in Sources */,
				84A9FE721F7C3CB200BADE0A /* AppDelegate.swift in Sources */,
			);
			runOnlyForDeploymentPostprocessing = 0;
		};
/* End PBXSourcesBuildPhase section */

/* Begin PBXVariantGroup section */
		84A9FE7A1F7C3CB200BADE0A /* LaunchScreen.storyboard */ = {
			isa = PBXVariantGroup;
			children = (
				84A9FE7B1F7C3CB200BADE0A /* Base */,
			);
			name = LaunchScreen.storyboard;
			sourceTree = "<group>";
		};
/* End PBXVariantGroup section */

/* Begin XCBuildConfiguration section */
		84A9FE7E1F7C3CB200BADE0A /* Debug */ = {
			isa = XCBuildConfiguration;
			buildSettings = {
				ALWAYS_SEARCH_USER_PATHS = NO;
				CLANG_ANALYZER_NONNULL = YES;
				CLANG_ANALYZER_NUMBER_OBJECT_CONVERSION = YES_AGGRESSIVE;
				CLANG_CXX_LANGUAGE_STANDARD = "gnu++14";
				CLANG_CXX_LIBRARY = "libc++";
				CLANG_ENABLE_MODULES = YES;
				CLANG_ENABLE_OBJC_ARC = YES;
				CLANG_WARN_BLOCK_CAPTURE_AUTORELEASING = YES;
				CLANG_WARN_BOOL_CONVERSION = YES;
				CLANG_WARN_COMMA = YES;
				CLANG_WARN_CONSTANT_CONVERSION = YES;
				CLANG_WARN_DIRECT_OBJC_ISA_USAGE = YES_ERROR;
				CLANG_WARN_DOCUMENTATION_COMMENTS = YES;
				CLANG_WARN_EMPTY_BODY = YES;
				CLANG_WARN_ENUM_CONVERSION = YES;
				CLANG_WARN_INFINITE_RECURSION = YES;
				CLANG_WARN_INT_CONVERSION = YES;
				CLANG_WARN_NON_LITERAL_NULL_CONVERSION = YES;
				CLANG_WARN_OBJC_LITERAL_CONVERSION = YES;
				CLANG_WARN_OBJC_ROOT_CLASS = YES_ERROR;
				CLANG_WARN_RANGE_LOOP_ANALYSIS = YES;
				CLANG_WARN_STRICT_PROTOTYPES = YES;
				CLANG_WARN_SUSPICIOUS_MOVE = YES;
				CLANG_WARN_UNGUARDED_AVAILABILITY = YES_AGGRESSIVE;
				CLANG_WARN_UNREACHABLE_CODE = YES;
				CLANG_WARN__DUPLICATE_METHOD_MATCH = YES;
				CODE_SIGN_IDENTITY = "iPhone Developer";
				COPY_PHASE_STRIP = NO;
				DEBUG_INFORMATION_FORMAT = dwarf;
				ENABLE_STRICT_OBJC_MSGSEND = YES;
				ENABLE_TESTABILITY = YES;
				GCC_C_LANGUAGE_STANDARD = gnu11;
				GCC_DYNAMIC_NO_PIC = NO;
				GCC_NO_COMMON_BLOCKS = YES;
				GCC_OPTIMIZATION_LEVEL = 0;
				GCC_PREPROCESSOR_DEFINITIONS = (
					"DEBUG=1",
					"$(inherited)",
				);
				GCC_WARN_64_TO_32_BIT_CONVERSION = YES;
				GCC_WARN_ABOUT_RETURN_TYPE = YES_ERROR;
				GCC_WARN_UNDECLARED_SELECTOR = YES;
				GCC_WARN_UNINITIALIZED_AUTOS = YES_AGGRESSIVE;
				GCC_WARN_UNUSED_FUNCTION = YES;
				GCC_WARN_UNUSED_VARIABLE = YES;
				IPHONEOS_DEPLOYMENT_TARGET = 11.0;
				MTL_ENABLE_DEBUG_INFO = YES;
				ONLY_ACTIVE_ARCH = YES;
				SDKROOT = iphoneos;
				SWIFT_ACTIVE_COMPILATION_CONDITIONS = DEBUG;
				SWIFT_OPTIMIZATION_LEVEL = "-Onone";
			};
			name = Debug;
		};
		84A9FE7F1F7C3CB200BADE0A /* Release */ = {
			isa = XCBuildConfiguration;
			buildSettings = {
				ALWAYS_SEARCH_USER_PATHS = NO;
				CLANG_ANALYZER_NONNULL = YES;
				CLANG_ANALYZER_NUMBER_OBJECT_CONVERSION = YES_AGGRESSIVE;
				CLANG_CXX_LANGUAGE_STANDARD = "gnu++14";
				CLANG_CXX_LIBRARY = "libc++";
				CLANG_ENABLE_MODULES = YES;
				CLANG_ENABLE_OBJC_ARC = YES;
				CLANG_WARN_BLOCK_CAPTURE_AUTORELEASING = YES;
				CLANG_WARN_BOOL_CONVERSION = YES;
				CLANG_WARN_COMMA = YES;
				CLANG_WARN_CONSTANT_CONVERSION = YES;
				CLANG_WARN_DIRECT_OBJC_ISA_USAGE = YES_ERROR;
				CLANG_WARN_DOCUMENTATION_COMMENTS = YES;
				CLANG_WARN_EMPTY_BODY = YES;
				CLANG_WARN_ENUM_CONVERSION = YES;
				CLANG_WARN_INFINITE_RECURSION = YES;
				CLANG_WARN_INT_CONVERSION = YES;
				CLANG_WARN_NON_LITERAL_NULL_CONVERSION = YES;
				CLANG_WARN_OBJC_LITERAL_CONVERSION = YES;
				CLANG_WARN_OBJC_ROOT_CLASS = YES_ERROR;
				CLANG_WARN_RANGE_LOOP_ANALYSIS = YES;
				CLANG_WARN_STRICT_PROTOTYPES = YES;
				CLANG_WARN_SUSPICIOUS_MOVE = YES;
				CLANG_WARN_UNGUARDED_AVAILABILITY = YES_AGGRESSIVE;
				CLANG_WARN_UNREACHABLE_CODE = YES;
				CLANG_WARN__DUPLICATE_METHOD_MATCH = YES;
				CODE_SIGN_IDENTITY = "iPhone Developer";
				COPY_PHASE_STRIP = NO;
				DEBUG_INFORMATION_FORMAT = "dwarf-with-dsym";
				ENABLE_NS_ASSERTIONS = NO;
				ENABLE_STRICT_OBJC_MSGSEND = YES;
				GCC_C_LANGUAGE_STANDARD = gnu11;
				GCC_NO_COMMON_BLOCKS = YES;
				GCC_WARN_64_TO_32_BIT_CONVERSION = YES;
				GCC_WARN_ABOUT_RETURN_TYPE = YES_ERROR;
				GCC_WARN_UNDECLARED_SELECTOR = YES;
				GCC_WARN_UNINITIALIZED_AUTOS = YES_AGGRESSIVE;
				GCC_WARN_UNUSED_FUNCTION = YES;
				GCC_WARN_UNUSED_VARIABLE = YES;
				IPHONEOS_DEPLOYMENT_TARGET = 11.0;
				MTL_ENABLE_DEBUG_INFO = NO;
				SDKROOT = iphoneos;
				SWIFT_OPTIMIZATION_LEVEL = "-Owholemodule";
				VALIDATE_PRODUCT = YES;
			};
			name = Release;
		};
		84A9FE811F7C3CB200BADE0A /* Debug */ = {
			isa = XCBuildConfiguration;
			baseConfigurationReference = EAFFAA2CD888A081F2FA04F5 /* Pods-languagetutor.debug.xcconfig */;
			buildSettings = {
				ASSETCATALOG_COMPILER_APPICON_NAME = AppIcon;
				CODE_SIGN_STYLE = Automatic;
				DEVELOPMENT_TEAM = 9FMGJU3F2A;
				INFOPLIST_FILE = languagetutor/Info.plist;
				LD_RUNPATH_SEARCH_PATHS = "$(inherited) @executable_path/Frameworks";
				PRODUCT_BUNDLE_IDENTIFIER = com.mlwithcoreml.languagetutor;
				PRODUCT_NAME = "$(TARGET_NAME)";
				SWIFT_VERSION = 4.0;
				TARGETED_DEVICE_FAMILY = "1,2";
			};
			name = Debug;
		};
		84A9FE821F7C3CB200BADE0A /* Release */ = {
			isa = XCBuildConfiguration;
			baseConfigurationReference = 3E8BC1862959D79552FCB089 /* Pods-languagetutor.release.xcconfig */;
			buildSettings = {
				ASSETCATALOG_COMPILER_APPICON_NAME = AppIcon;
				CODE_SIGN_STYLE = Automatic;
				DEVELOPMENT_TEAM = 9FMGJU3F2A;
				INFOPLIST_FILE = languagetutor/Info.plist;
				LD_RUNPATH_SEARCH_PATHS = "$(inherited) @executable_path/Frameworks";
				PRODUCT_BUNDLE_IDENTIFIER = com.mlwithcoreml.languagetutor;
				PRODUCT_NAME = "$(TARGET_NAME)";
				SWIFT_VERSION = 4.0;
				TARGETED_DEVICE_FAMILY = "1,2";
			};
			name = Release;
		};
/* End XCBuildConfiguration section */

/* Begin XCConfigurationList section */
		84A9FE691F7C3CB200BADE0A /* Build configuration list for PBXProject "languagetutor" */ = {
			isa = XCConfigurationList;
			buildConfigurations = (
				84A9FE7E1F7C3CB200BADE0A /* Debug */,
				84A9FE7F1F7C3CB200BADE0A /* Release */,
			);
			defaultConfigurationIsVisible = 0;
			defaultConfigurationName = Release;
		};
		84A9FE801F7C3CB200BADE0A /* Build configuration list for PBXNativeTarget "languagetutor" */ = {
			isa = XCConfigurationList;
			buildConfigurations = (
				84A9FE811F7C3CB200BADE0A /* Debug */,
				84A9FE821F7C3CB200BADE0A /* Release */,
			);
			defaultConfigurationIsVisible = 0;
			defaultConfigurationName = Release;
		};
/* End XCConfigurationList section */
	};
	rootObject = 84A9FE661F7C3CB200BADE0A /* Project object */;
}
